
Microsoft Visual Studio Solution File, Format Version 12.00
# Visual Studio Version 16
VisualStudioVersion = 16.0.31321.278
MinimumVisualStudioVersion = 10.0.40219.1
Project("{FAE04EC0-301F-11D3-BF4B-00C04F79EFBC}") = "NeinteenFlower", "NeinteenFlower\NeinteenFlower.csproj", "{249112A4-F8C5-4ABD-8802-1E4870590054}"
EndProject
Global
	GlobalSection(SolutionConfigurationPlatforms) = preSolution
		Debug|Any CPU = Debug|Any CPU
		Release|Any CPU = Release|Any CPU
	EndGlobalSection
	GlobalSection(ProjectConfigurationPlatforms) = postSolution
		{249112A4-F8C5-4ABD-8802-1E4870590054}.Debug|Any CPU.ActiveCfg = Debug|Any CPU
		{249112A4-F8C5-4ABD-8802-1E4870590054}.Debug|Any CPU.Build.0 = Debug|Any CPU
		{249112A4-F8C5-4ABD-8802-1E4870590054}.Release|Any CPU.ActiveCfg = Release|Any CPU
		{249112A4-F8C5-4ABD-8802-1E4870590054}.Release|Any CPU.Build.0 = Release|Any CPU
	EndGlobalSection
	GlobalSection(SolutionProperties) = preSolution
		HideSolutionNode = FALSE
	EndGlobalSection
	GlobalSection(ExtensibilityGlobals) = postSolution
		SolutionGuid = {67DC48DE-AA17-4D78-AAF6-436506147942}
	EndGlobalSection
EndGlobal
